
Microsoft Visual Studio Solution File, Format Version 12.00
# Visual Studio Version 17
VisualStudioVersion = 17.10.35122.118
MinimumVisualStudioVersion = 10.0.40219.1
Project("{FAE04EC0-301F-11D3-BF4B-00C04F79EFBC}") = "RabbitMQ.Publisher", "RabbitMQ.Publisher\RabbitMQ.Publisher.csproj", "{31EAFAD0-BA15-40F0-ABFD-2684EEA83461}"
EndProject
Project("{FAE04EC0-301F-11D3-BF4B-00C04F79EFBC}") = "RabbitMQ.Consumer", "RabbitMQ.Consumer\RabbitMQ.Consumer.csproj", "{FE0B8CEE-D51C-406D-A341-980DB03C3A4F}"
EndProject
Global
	GlobalSection(SolutionConfigurationPlatforms) = preSolution
		Debug|Any CPU = Debug|Any CPU
		Release|Any CPU = Release|Any CPU
	EndGlobalSection
	GlobalSection(ProjectConfigurationPlatforms) = postSolution
		{31EAFAD0-BA15-40F0-ABFD-2684EEA83461}.Debug|Any CPU.ActiveCfg = Debug|Any CPU
		{31EAFAD0-BA15-40F0-ABFD-2684EEA83461}.Debug|Any CPU.Build.0 = Debug|Any CPU
		{31EAFAD0-BA15-40F0-ABFD-2684EEA83461}.Release|Any CPU.ActiveCfg = Release|Any CPU
		{31EAFAD0-BA15-40F0-ABFD-2684EEA83461}.Release|Any CPU.Build.0 = Release|Any CPU
		{FE0B8CEE-D51C-406D-A341-980DB03C3A4F}.Debug|Any CPU.ActiveCfg = Debug|Any CPU
		{FE0B8CEE-D51C-406D-A341-980DB03C3A4F}.Debug|Any CPU.Build.0 = Debug|Any CPU
		{FE0B8CEE-D51C-406D-A341-980DB03C3A4F}.Release|Any CPU.ActiveCfg = Release|Any CPU
		{FE0B8CEE-D51C-406D-A341-980DB03C3A4F}.Release|Any CPU.Build.0 = Release|Any CPU
	EndGlobalSection
	GlobalSection(SolutionProperties) = preSolution
		HideSolutionNode = FALSE
	EndGlobalSection
	GlobalSection(ExtensibilityGlobals) = postSolution
		SolutionGuid = {68B890F4-CCB4-4BD4-B028-C74066210FDA}
	EndGlobalSection
EndGlobal
