
Microsoft Visual Studio Solution File, Format Version 12.00
# Visual Studio Version 17
VisualStudioVersion = 17.10.35122.118
MinimumVisualStudioVersion = 10.0.40219.1
Project("{FAE04EC0-301F-11D3-BF4B-00C04F79EFBC}") = "RabbitMQ.Publisher", "RabbitMQ.Publisher\RabbitMQ.Publisher.csproj", "{430B2B88-239D-4642-AB16-439022FA68D9}"
EndProject
Project("{FAE04EC0-301F-11D3-BF4B-00C04F79EFBC}") = "RabbitMQ.Consumer", "RabbitMQ.Consumer\RabbitMQ.Consumer.csproj", "{B2E7C4E9-865A-40EA-9437-E8D046E78D4C}"
EndProject
Global
	GlobalSection(SolutionConfigurationPlatforms) = preSolution
		Debug|Any CPU = Debug|Any CPU
		Release|Any CPU = Release|Any CPU
	EndGlobalSection
	GlobalSection(ProjectConfigurationPlatforms) = postSolution
		{430B2B88-239D-4642-AB16-439022FA68D9}.Debug|Any CPU.ActiveCfg = Debug|Any CPU
		{430B2B88-239D-4642-AB16-439022FA68D9}.Debug|Any CPU.Build.0 = Debug|Any CPU
		{430B2B88-239D-4642-AB16-439022FA68D9}.Release|Any CPU.ActiveCfg = Release|Any CPU
		{430B2B88-239D-4642-AB16-439022FA68D9}.Release|Any CPU.Build.0 = Release|Any CPU
		{B2E7C4E9-865A-40EA-9437-E8D046E78D4C}.Debug|Any CPU.ActiveCfg = Debug|Any CPU
		{B2E7C4E9-865A-40EA-9437-E8D046E78D4C}.Debug|Any CPU.Build.0 = Debug|Any CPU
		{B2E7C4E9-865A-40EA-9437-E8D046E78D4C}.Release|Any CPU.ActiveCfg = Release|Any CPU
		{B2E7C4E9-865A-40EA-9437-E8D046E78D4C}.Release|Any CPU.Build.0 = Release|Any CPU
	EndGlobalSection
	GlobalSection(SolutionProperties) = preSolution
		HideSolutionNode = FALSE
	EndGlobalSection
	GlobalSection(ExtensibilityGlobals) = postSolution
		SolutionGuid = {B75D3005-B43F-45E9-B5EB-08F1618D12B0}
	EndGlobalSection
EndGlobal
